{
  "pins" : [
    {
      "identity" : "dittoswiftpackage",
      "kind" : "remoteSourceControl",
      "location" : "https://github.com/getditto/DittoSwiftPackage",
      "state" : {
        "revision" : "3d1c79f48c884f3f59f6e9703fee2fe13ec539e5",
        "version" : "4.8.0-rc.1"
      }
    },
    {
      "identity" : "swift-collections",
      "kind" : "remoteSourceControl",
      "location" : "https://github.com/apple/swift-collections",
      "state" : {
        "revision" : "3d2dc41a01f9e49d84f0a3925fb858bed64f702d",
        "version" : "1.1.2"
      }
    }
  ],
  "version" : 2
}
