{
  "pins" : [
    {
      "identity" : "dittoswiftpackage",
      "kind" : "remoteSourceControl",
      "location" : "https://github.com/getditto/DittoSwiftPackage",
      "state" : {
        "revision" : "2ec1761ea3fa39767820cc43fd089f67c3671045",
        "version" : "2.0.8"
      }
    }
  ],
  "version" : 2
}
