// !$*UTF8*$!
{
	archiveVersion = 1;
	classes = {
	};
	objectVersion = 55;
	objects = {

/* Begin PBXBuildFile section */
		016757D928A32E9400347491 /* CollectionView.swift in Sources */ = {isa = PBXBuildFile; fileRef = 016757D828A32E9400347491 /* CollectionView.swift */; };
		016757DD28A3313300347491 /* PresenceViewer.swift in Sources */ = {isa = PBXBuildFile; fileRef = 016757DC28A3313300347491 /* PresenceViewer.swift */; };
		016757DF28A3393B00347491 /* Config.swift in Sources */ = {isa = PBXBuildFile; fileRef = 016757DE28A3393B00347491 /* Config.swift */; };
		01F34C9728A2EAE3003BDF17 /* ContentView.swift in Sources */ = {isa = PBXBuildFile; fileRef = 01F34C9628A2EAE3003BDF17 /* ContentView.swift */; };
		01F34C9928A2EAE5003BDF17 /* Assets.xcassets in Resources */ = {isa = PBXBuildFile; fileRef = 01F34C9828A2EAE5003BDF17 /* Assets.xcassets */; };
		01F34C9C28A2EAE5003BDF17 /* Preview Assets.xcassets in Resources */ = {isa = PBXBuildFile; fileRef = 01F34C9B28A2EAE5003BDF17 /* Preview Assets.xcassets */; };
		01F34CA628A2EAE5003BDF17 /* DittoToolsAppTests.swift in Sources */ = {isa = PBXBuildFile; fileRef = 01F34CA528A2EAE5003BDF17 /* DittoToolsAppTests.swift */; };
		01F34CB028A2EAE5003BDF17 /* DittoToolsAppUITests.swift in Sources */ = {isa = PBXBuildFile; fileRef = 01F34CAF28A2EAE5003BDF17 /* DittoToolsAppUITests.swift */; };
		01F34CB228A2EAE5003BDF17 /* DittoToolsAppUITestsLaunchTests.swift in Sources */ = {isa = PBXBuildFile; fileRef = 01F34CB128A2EAE5003BDF17 /* DittoToolsAppUITestsLaunchTests.swift */; };
		01F34CC028A2EBD4003BDF17 /* DittoObjC in Frameworks */ = {isa = PBXBuildFile; productRef = 01F34CBF28A2EBD4003BDF17 /* DittoObjC */; };
		01F34CC228A2EBD4003BDF17 /* DittoSwift in Frameworks */ = {isa = PBXBuildFile; productRef = 01F34CC128A2EBD4003BDF17 /* DittoSwift */; };
		01F34CC528A3046C003BDF17 /* DittoManager.swift in Sources */ = {isa = PBXBuildFile; fileRef = 01F34CC428A3046C003BDF17 /* DittoManager.swift */; };
		01F34CCF28A304F0003BDF17 /* LogManager.swift in Sources */ = {isa = PBXBuildFile; fileRef = 01F34CC928A304F0003BDF17 /* LogManager.swift */; };
		01F34CD028A304F0003BDF17 /* AppSettings.swift in Sources */ = {isa = PBXBuildFile; fileRef = 01F34CCA28A304F0003BDF17 /* AppSettings.swift */; };
		01F34CD128A304F0003BDF17 /* AuthorizationsManager.swift in Sources */ = {isa = PBXBuildFile; fileRef = 01F34CCB28A304F0003BDF17 /* AuthorizationsManager.swift */; };
		01F34CE228A30781003BDF17 /* MainThreadMonitor.swift in Sources */ = {isa = PBXBuildFile; fileRef = 01F34CE028A30781003BDF17 /* MainThreadMonitor.swift */; };
		01F34CE328A30781003BDF17 /* DiagnosticsManager.swift in Sources */ = {isa = PBXBuildFile; fileRef = 01F34CE128A30781003BDF17 /* DiagnosticsManager.swift */; };
		01F34CE928A307CD003BDF17 /* Transport.swift in Sources */ = {isa = PBXBuildFile; fileRef = 01F34CE528A307CD003BDF17 /* Transport.swift */; };
		01F34CEB28A307CD003BDF17 /* Server.swift in Sources */ = {isa = PBXBuildFile; fileRef = 01F34CE728A307CD003BDF17 /* Server.swift */; };
		01F34CEC28A307CD003BDF17 /* ServerConnectionType.swift in Sources */ = {isa = PBXBuildFile; fileRef = 01F34CE828A307CD003BDF17 /* ServerConnectionType.swift */; };
		01F34CEE28A307E2003BDF17 /* IdentityType.swift in Sources */ = {isa = PBXBuildFile; fileRef = 01F34CED28A307E2003BDF17 /* IdentityType.swift */; };
		01F34CF028A30E88003BDF17 /* NetworkPage.swift in Sources */ = {isa = PBXBuildFile; fileRef = 01F34CEF28A30E88003BDF17 /* NetworkPage.swift */; };
		01F34CF728A30F5E003BDF17 /* DataBrowser.swift in Sources */ = {isa = PBXBuildFile; fileRef = 01F34CF628A30F5E003BDF17 /* DataBrowser.swift */; };
		01F34D0228A310A5003BDF17 /* Login.swift in Sources */ = {isa = PBXBuildFile; fileRef = 01F34D0128A310A5003BDF17 /* Login.swift */; };
		01F34D0528A31147003BDF17 /* PrimaryFormButton.swift in Sources */ = {isa = PBXBuildFile; fileRef = 01F34D0428A31147003BDF17 /* PrimaryFormButton.swift */; };
		01F34D0728A3119E003BDF17 /* MenuListItem.swift in Sources */ = {isa = PBXBuildFile; fileRef = 01F34D0628A3119E003BDF17 /* MenuListItem.swift */; };
		01F34D0928A31644003BDF17 /* AppDelegate.swift in Sources */ = {isa = PBXBuildFile; fileRef = 01F34D0828A31644003BDF17 /* AppDelegate.swift */; };
		0ED14DA92910627D0038ADF8 /* DittoPresenceViewer in Frameworks */ = {isa = PBXBuildFile; productRef = 0ED14DA82910627D0038ADF8 /* DittoPresenceViewer */; };
/* End PBXBuildFile section */

/* Begin PBXContainerItemProxy section */
		01F34CA228A2EAE5003BDF17 /* PBXContainerItemProxy */ = {
			isa = PBXContainerItemProxy;
			containerPortal = 01F34C8928A2EAE3003BDF17 /* Project object */;
			proxyType = 1;
			remoteGlobalIDString = 01F34C9028A2EAE3003BDF17;
			remoteInfo = debug;
		};
		01F34CAC28A2EAE5003BDF17 /* PBXContainerItemProxy */ = {
			isa = PBXContainerItemProxy;
			containerPortal = 01F34C8928A2EAE3003BDF17 /* Project object */;
			proxyType = 1;
			remoteGlobalIDString = 01F34C9028A2EAE3003BDF17;
			remoteInfo = debug;
		};
/* End PBXContainerItemProxy section */

/* Begin PBXFileReference section */
		016757D828A32E9400347491 /* CollectionView.swift */ = {isa = PBXFileReference; lastKnownFileType = sourcecode.swift; path = CollectionView.swift; sourceTree = "<group>"; };
		016757DC28A3313300347491 /* PresenceViewer.swift */ = {isa = PBXFileReference; lastKnownFileType = sourcecode.swift; path = PresenceViewer.swift; sourceTree = "<group>"; };
		016757DE28A3393B00347491 /* Config.swift */ = {isa = PBXFileReference; lastKnownFileType = sourcecode.swift; path = Config.swift; sourceTree = "<group>"; };
		01F34C9128A2EAE3003BDF17 /* DittoToolsApp.app */ = {isa = PBXFileReference; explicitFileType = wrapper.application; includeInIndex = 0; path = DittoToolsApp.app; sourceTree = BUILT_PRODUCTS_DIR; };
		01F34C9628A2EAE3003BDF17 /* ContentView.swift */ = {isa = PBXFileReference; lastKnownFileType = sourcecode.swift; path = ContentView.swift; sourceTree = "<group>"; };
		01F34C9828A2EAE5003BDF17 /* Assets.xcassets */ = {isa = PBXFileReference; lastKnownFileType = folder.assetcatalog; path = Assets.xcassets; sourceTree = "<group>"; };
		01F34C9B28A2EAE5003BDF17 /* Preview Assets.xcassets */ = {isa = PBXFileReference; lastKnownFileType = folder.assetcatalog; path = "Preview Assets.xcassets"; sourceTree = "<group>"; };
		01F34CA128A2EAE5003BDF17 /* DittoToolsAppTests.xctest */ = {isa = PBXFileReference; explicitFileType = wrapper.cfbundle; includeInIndex = 0; path = DittoToolsAppTests.xctest; sourceTree = BUILT_PRODUCTS_DIR; };
		01F34CA528A2EAE5003BDF17 /* DittoToolsAppTests.swift */ = {isa = PBXFileReference; lastKnownFileType = sourcecode.swift; path = DittoToolsAppTests.swift; sourceTree = "<group>"; };
		01F34CAB28A2EAE5003BDF17 /* DittoToolsAppUITests.xctest */ = {isa = PBXFileReference; explicitFileType = wrapper.cfbundle; includeInIndex = 0; path = DittoToolsAppUITests.xctest; sourceTree = BUILT_PRODUCTS_DIR; };
		01F34CAF28A2EAE5003BDF17 /* DittoToolsAppUITests.swift */ = {isa = PBXFileReference; lastKnownFileType = sourcecode.swift; path = DittoToolsAppUITests.swift; sourceTree = "<group>"; };
		01F34CB128A2EAE5003BDF17 /* DittoToolsAppUITestsLaunchTests.swift */ = {isa = PBXFileReference; lastKnownFileType = sourcecode.swift; path = DittoToolsAppUITestsLaunchTests.swift; sourceTree = "<group>"; };
		01F34CC328A2EC4A003BDF17 /* Info.plist */ = {isa = PBXFileReference; lastKnownFileType = text.plist; path = Info.plist; sourceTree = "<group>"; };
		01F34CC428A3046C003BDF17 /* DittoManager.swift */ = {isa = PBXFileReference; lastKnownFileType = sourcecode.swift; path = DittoManager.swift; sourceTree = "<group>"; };
		01F34CC928A304F0003BDF17 /* LogManager.swift */ = {isa = PBXFileReference; fileEncoding = 4; lastKnownFileType = sourcecode.swift; path = LogManager.swift; sourceTree = "<group>"; };
		01F34CCA28A304F0003BDF17 /* AppSettings.swift */ = {isa = PBXFileReference; fileEncoding = 4; lastKnownFileType = sourcecode.swift; path = AppSettings.swift; sourceTree = "<group>"; };
		01F34CCB28A304F0003BDF17 /* AuthorizationsManager.swift */ = {isa = PBXFileReference; fileEncoding = 4; lastKnownFileType = sourcecode.swift; path = AuthorizationsManager.swift; sourceTree = "<group>"; };
		01F34CE028A30781003BDF17 /* MainThreadMonitor.swift */ = {isa = PBXFileReference; fileEncoding = 4; lastKnownFileType = sourcecode.swift; path = MainThreadMonitor.swift; sourceTree = "<group>"; };
		01F34CE128A30781003BDF17 /* DiagnosticsManager.swift */ = {isa = PBXFileReference; fileEncoding = 4; lastKnownFileType = sourcecode.swift; path = DiagnosticsManager.swift; sourceTree = "<group>"; };
		01F34CE528A307CD003BDF17 /* Transport.swift */ = {isa = PBXFileReference; fileEncoding = 4; lastKnownFileType = sourcecode.swift; path = Transport.swift; sourceTree = "<group>"; };
		01F34CE728A307CD003BDF17 /* Server.swift */ = {isa = PBXFileReference; fileEncoding = 4; lastKnownFileType = sourcecode.swift; path = Server.swift; sourceTree = "<group>"; };
		01F34CE828A307CD003BDF17 /* ServerConnectionType.swift */ = {isa = PBXFileReference; fileEncoding = 4; lastKnownFileType = sourcecode.swift; path = ServerConnectionType.swift; sourceTree = "<group>"; };
		01F34CED28A307E2003BDF17 /* IdentityType.swift */ = {isa = PBXFileReference; lastKnownFileType = sourcecode.swift; path = IdentityType.swift; sourceTree = "<group>"; };
		01F34CEF28A30E88003BDF17 /* NetworkPage.swift */ = {isa = PBXFileReference; fileEncoding = 4; lastKnownFileType = sourcecode.swift; path = NetworkPage.swift; sourceTree = "<group>"; };
		01F34CF628A30F5E003BDF17 /* DataBrowser.swift */ = {isa = PBXFileReference; indentWidth = 3; lastKnownFileType = sourcecode.swift; path = DataBrowser.swift; sourceTree = "<group>"; };
		01F34D0128A310A5003BDF17 /* Login.swift */ = {isa = PBXFileReference; fileEncoding = 4; lastKnownFileType = sourcecode.swift; path = Login.swift; sourceTree = "<group>"; };
		01F34D0428A31147003BDF17 /* PrimaryFormButton.swift */ = {isa = PBXFileReference; lastKnownFileType = sourcecode.swift; path = PrimaryFormButton.swift; sourceTree = "<group>"; };
		01F34D0628A3119E003BDF17 /* MenuListItem.swift */ = {isa = PBXFileReference; lastKnownFileType = sourcecode.swift; path = MenuListItem.swift; sourceTree = "<group>"; };
		01F34D0828A31644003BDF17 /* AppDelegate.swift */ = {isa = PBXFileReference; fileEncoding = 4; lastKnownFileType = sourcecode.swift; path = AppDelegate.swift; sourceTree = "<group>"; };
/* End PBXFileReference section */

/* Begin PBXFrameworksBuildPhase section */
		01F34C8E28A2EAE3003BDF17 /* Frameworks */ = {
			isa = PBXFrameworksBuildPhase;
			buildActionMask = 2147483647;
			files = (
				01F34CC028A2EBD4003BDF17 /* DittoObjC in Frameworks */,
				0ED14DA92910627D0038ADF8 /* DittoPresenceViewer in Frameworks */,
				01F34CC228A2EBD4003BDF17 /* DittoSwift in Frameworks */,
			);
			runOnlyForDeploymentPostprocessing = 0;
		};
		01F34C9E28A2EAE5003BDF17 /* Frameworks */ = {
			isa = PBXFrameworksBuildPhase;
			buildActionMask = 2147483647;
			files = (
			);
			runOnlyForDeploymentPostprocessing = 0;
		};
		01F34CA828A2EAE5003BDF17 /* Frameworks */ = {
			isa = PBXFrameworksBuildPhase;
			buildActionMask = 2147483647;
			files = (
			);
			runOnlyForDeploymentPostprocessing = 0;
		};
/* End PBXFrameworksBuildPhase section */

/* Begin PBXGroup section */
		01F34C8828A2EAE3003BDF17 = {
			isa = PBXGroup;
			children = (
				01F34C9328A2EAE3003BDF17 /* DittoToolsApp */,
				01F34CA428A2EAE5003BDF17 /* DittoToolsAppTests */,
				01F34CAE28A2EAE5003BDF17 /* DittoToolsAppUITests */,
				01F34C9228A2EAE3003BDF17 /* Products */,
			);
			sourceTree = "<group>";
		};
		01F34C9228A2EAE3003BDF17 /* Products */ = {
			isa = PBXGroup;
			children = (
				01F34C9128A2EAE3003BDF17 /* DittoToolsApp.app */,
				01F34CA128A2EAE5003BDF17 /* DittoToolsAppTests.xctest */,
				01F34CAB28A2EAE5003BDF17 /* DittoToolsAppUITests.xctest */,
			);
			name = Products;
			sourceTree = "<group>";
		};
		01F34C9328A2EAE3003BDF17 /* DittoToolsApp */ = {
			isa = PBXGroup;
			children = (
				01F34CE428A30798003BDF17 /* Model */,
				01F34D0328A3113A003BDF17 /* Views */,
				01F34D0028A310A5003BDF17 /* Pages */,
				01F34CDF28A3076D003BDF17 /* Debug Tools */,
				01F34CC328A2EC4A003BDF17 /* Info.plist */,
				01F34D0828A31644003BDF17 /* AppDelegate.swift */,
				01F34CCA28A304F0003BDF17 /* AppSettings.swift */,
				01F34CCB28A304F0003BDF17 /* AuthorizationsManager.swift */,
				01F34CC928A304F0003BDF17 /* LogManager.swift */,
				01F34CC428A3046C003BDF17 /* DittoManager.swift */,
				01F34C9828A2EAE5003BDF17 /* Assets.xcassets */,
				01F34C9A28A2EAE5003BDF17 /* Preview Content */,
			);
			path = DittoToolsApp;
			sourceTree = "<group>";
		};
		01F34C9A28A2EAE5003BDF17 /* Preview Content */ = {
			isa = PBXGroup;
			children = (
				01F34C9B28A2EAE5003BDF17 /* Preview Assets.xcassets */,
			);
			path = "Preview Content";
			sourceTree = "<group>";
		};
		01F34CA428A2EAE5003BDF17 /* DittoToolsAppTests */ = {
			isa = PBXGroup;
			children = (
				01F34CA528A2EAE5003BDF17 /* DittoToolsAppTests.swift */,
			);
			path = DittoToolsAppTests;
			sourceTree = "<group>";
		};
		01F34CAE28A2EAE5003BDF17 /* DittoToolsAppUITests */ = {
			isa = PBXGroup;
			children = (
				01F34CAF28A2EAE5003BDF17 /* DittoToolsAppUITests.swift */,
				01F34CB128A2EAE5003BDF17 /* DittoToolsAppUITestsLaunchTests.swift */,
			);
			path = DittoToolsAppUITests;
			sourceTree = "<group>";
		};
		01F34CDF28A3076D003BDF17 /* Debug Tools */ = {
			isa = PBXGroup;
			children = (
				01F34CE128A30781003BDF17 /* DiagnosticsManager.swift */,
				01F34CE028A30781003BDF17 /* MainThreadMonitor.swift */,
			);
			path = "Debug Tools";
			sourceTree = "<group>";
		};
		01F34CE428A30798003BDF17 /* Model */ = {
			isa = PBXGroup;
			children = (
				01F34CE728A307CD003BDF17 /* Server.swift */,
				01F34CE828A307CD003BDF17 /* ServerConnectionType.swift */,
				01F34CE528A307CD003BDF17 /* Transport.swift */,
				01F34CED28A307E2003BDF17 /* IdentityType.swift */,
				016757DE28A3393B00347491 /* Config.swift */,
			);
			path = Model;
			sourceTree = "<group>";
		};
		01F34D0028A310A5003BDF17 /* Pages */ = {
			isa = PBXGroup;
			children = (
				016757D828A32E9400347491 /* CollectionView.swift */,
				01F34CEF28A30E88003BDF17 /* NetworkPage.swift */,
				01F34CF628A30F5E003BDF17 /* DataBrowser.swift */,
				01F34D0128A310A5003BDF17 /* Login.swift */,
				01F34C9628A2EAE3003BDF17 /* ContentView.swift */,
				016757DC28A3313300347491 /* PresenceViewer.swift */,
			);
			path = Pages;
			sourceTree = "<group>";
		};
		01F34D0328A3113A003BDF17 /* Views */ = {
			isa = PBXGroup;
			children = (
				01F34D0428A31147003BDF17 /* PrimaryFormButton.swift */,
				01F34D0628A3119E003BDF17 /* MenuListItem.swift */,
			);
			path = Views;
			sourceTree = "<group>";
		};
/* End PBXGroup section */

/* Begin PBXNativeTarget section */
		01F34C9028A2EAE3003BDF17 /* DittoToolsApp */ = {
			isa = PBXNativeTarget;
			buildConfigurationList = 01F34CB528A2EAE5003BDF17 /* Build configuration list for PBXNativeTarget "DittoToolsApp" */;
			buildPhases = (
				01F34C8D28A2EAE3003BDF17 /* Sources */,
				01F34C8E28A2EAE3003BDF17 /* Frameworks */,
				01F34C8F28A2EAE3003BDF17 /* Resources */,
			);
			buildRules = (
			);
			dependencies = (
			);
			name = DittoToolsApp;
			packageProductDependencies = (
				01F34CBF28A2EBD4003BDF17 /* DittoObjC */,
				01F34CC128A2EBD4003BDF17 /* DittoSwift */,
				0ED14DA82910627D0038ADF8 /* DittoPresenceViewer */,
			);
			productName = debug;
			productReference = 01F34C9128A2EAE3003BDF17 /* DittoToolsApp.app */;
			productType = "com.apple.product-type.application";
		};
		01F34CA028A2EAE5003BDF17 /* DittoToolsAppTests */ = {
			isa = PBXNativeTarget;
			buildConfigurationList = 01F34CB828A2EAE5003BDF17 /* Build configuration list for PBXNativeTarget "DittoToolsAppTests" */;
			buildPhases = (
				01F34C9D28A2EAE5003BDF17 /* Sources */,
				01F34C9E28A2EAE5003BDF17 /* Frameworks */,
				01F34C9F28A2EAE5003BDF17 /* Resources */,
			);
			buildRules = (
			);
			dependencies = (
				01F34CA328A2EAE5003BDF17 /* PBXTargetDependency */,
			);
			name = DittoToolsAppTests;
			productName = debugTests;
			productReference = 01F34CA128A2EAE5003BDF17 /* DittoToolsAppTests.xctest */;
			productType = "com.apple.product-type.bundle.unit-test";
		};
		01F34CAA28A2EAE5003BDF17 /* DittoToolsAppUITests */ = {
			isa = PBXNativeTarget;
			buildConfigurationList = 01F34CBB28A2EAE5003BDF17 /* Build configuration list for PBXNativeTarget "DittoToolsAppUITests" */;
			buildPhases = (
				01F34CA728A2EAE5003BDF17 /* Sources */,
				01F34CA828A2EAE5003BDF17 /* Frameworks */,
				01F34CA928A2EAE5003BDF17 /* Resources */,
			);
			buildRules = (
			);
			dependencies = (
				01F34CAD28A2EAE5003BDF17 /* PBXTargetDependency */,
			);
			name = DittoToolsAppUITests;
			productName = debugUITests;
			productReference = 01F34CAB28A2EAE5003BDF17 /* DittoToolsAppUITests.xctest */;
			productType = "com.apple.product-type.bundle.ui-testing";
		};
/* End PBXNativeTarget section */

/* Begin PBXProject section */
		01F34C8928A2EAE3003BDF17 /* Project object */ = {
			isa = PBXProject;
			attributes = {
				BuildIndependentTargetsInParallel = 1;
				LastSwiftUpdateCheck = 1340;
				LastUpgradeCheck = 1340;
				TargetAttributes = {
					01F34C9028A2EAE3003BDF17 = {
						CreatedOnToolsVersion = 13.4.1;
					};
					01F34CA028A2EAE5003BDF17 = {
						CreatedOnToolsVersion = 13.4.1;
						TestTargetID = 01F34C9028A2EAE3003BDF17;
					};
					01F34CAA28A2EAE5003BDF17 = {
						CreatedOnToolsVersion = 13.4.1;
						TestTargetID = 01F34C9028A2EAE3003BDF17;
					};
				};
			};
			buildConfigurationList = 01F34C8C28A2EAE3003BDF17 /* Build configuration list for PBXProject "DittoToolsApp" */;
			compatibilityVersion = "Xcode 13.0";
			developmentRegion = en;
			hasScannedForEncodings = 0;
			knownRegions = (
				en,
				Base,
			);
			mainGroup = 01F34C8828A2EAE3003BDF17;
			packageReferences = (
				01F34CBE28A2EBD4003BDF17 /* XCRemoteSwiftPackageReference "DittoSwiftPackage" */,
				0ED14DA72910627D0038ADF8 /* XCRemoteSwiftPackageReference "DittoSwiftTools" */,
			);
			productRefGroup = 01F34C9228A2EAE3003BDF17 /* Products */;
			projectDirPath = "";
			projectRoot = "";
			targets = (
				01F34C9028A2EAE3003BDF17 /* DittoToolsApp */,
				01F34CA028A2EAE5003BDF17 /* DittoToolsAppTests */,
				01F34CAA28A2EAE5003BDF17 /* DittoToolsAppUITests */,
			);
		};
/* End PBXProject section */

/* Begin PBXResourcesBuildPhase section */
		01F34C8F28A2EAE3003BDF17 /* Resources */ = {
			isa = PBXResourcesBuildPhase;
			buildActionMask = 2147483647;
			files = (
				01F34C9C28A2EAE5003BDF17 /* Preview Assets.xcassets in Resources */,
				01F34C9928A2EAE5003BDF17 /* Assets.xcassets in Resources */,
			);
			runOnlyForDeploymentPostprocessing = 0;
		};
		01F34C9F28A2EAE5003BDF17 /* Resources */ = {
			isa = PBXResourcesBuildPhase;
			buildActionMask = 2147483647;
			files = (
			);
			runOnlyForDeploymentPostprocessing = 0;
		};
		01F34CA928A2EAE5003BDF17 /* Resources */ = {
			isa = PBXResourcesBuildPhase;
			buildActionMask = 2147483647;
			files = (
			);
			runOnlyForDeploymentPostprocessing = 0;
		};
/* End PBXResourcesBuildPhase section */

/* Begin PBXSourcesBuildPhase section */
		01F34C8D28A2EAE3003BDF17 /* Sources */ = {
			isa = PBXSourcesBuildPhase;
			buildActionMask = 2147483647;
			files = (
				01F34CD128A304F0003BDF17 /* AuthorizationsManager.swift in Sources */,
				01F34C9728A2EAE3003BDF17 /* ContentView.swift in Sources */,
				01F34CCF28A304F0003BDF17 /* LogManager.swift in Sources */,
				01F34CC528A3046C003BDF17 /* DittoManager.swift in Sources */,
				01F34CF728A30F5E003BDF17 /* DataBrowser.swift in Sources */,
				01F34CD028A304F0003BDF17 /* AppSettings.swift in Sources */,
				01F34CE328A30781003BDF17 /* DiagnosticsManager.swift in Sources */,
				016757DD28A3313300347491 /* PresenceViewer.swift in Sources */,
				01F34CEC28A307CD003BDF17 /* ServerConnectionType.swift in Sources */,
				01F34D0728A3119E003BDF17 /* MenuListItem.swift in Sources */,
				01F34CEE28A307E2003BDF17 /* IdentityType.swift in Sources */,
				01F34CF028A30E88003BDF17 /* NetworkPage.swift in Sources */,
				01F34CE928A307CD003BDF17 /* Transport.swift in Sources */,
				01F34D0228A310A5003BDF17 /* Login.swift in Sources */,
				01F34CEB28A307CD003BDF17 /* Server.swift in Sources */,
				01F34CE228A30781003BDF17 /* MainThreadMonitor.swift in Sources */,
				01F34D0928A31644003BDF17 /* AppDelegate.swift in Sources */,
				016757DF28A3393B00347491 /* Config.swift in Sources */,
				016757D928A32E9400347491 /* CollectionView.swift in Sources */,
				01F34D0528A31147003BDF17 /* PrimaryFormButton.swift in Sources */,
			);
			runOnlyForDeploymentPostprocessing = 0;
		};
		01F34C9D28A2EAE5003BDF17 /* Sources */ = {
			isa = PBXSourcesBuildPhase;
			buildActionMask = 2147483647;
			files = (
				01F34CA628A2EAE5003BDF17 /* DittoToolsAppTests.swift in Sources */,
			);
			runOnlyForDeploymentPostprocessing = 0;
		};
		01F34CA728A2EAE5003BDF17 /* Sources */ = {
			isa = PBXSourcesBuildPhase;
			buildActionMask = 2147483647;
			files = (
				01F34CB228A2EAE5003BDF17 /* DittoToolsAppUITestsLaunchTests.swift in Sources */,
				01F34CB028A2EAE5003BDF17 /* DittoToolsAppUITests.swift in Sources */,
			);
			runOnlyForDeploymentPostprocessing = 0;
		};
/* End PBXSourcesBuildPhase section */

/* Begin PBXTargetDependency section */
		01F34CA328A2EAE5003BDF17 /* PBXTargetDependency */ = {
			isa = PBXTargetDependency;
			target = 01F34C9028A2EAE3003BDF17 /* DittoToolsApp */;
			targetProxy = 01F34CA228A2EAE5003BDF17 /* PBXContainerItemProxy */;
		};
		01F34CAD28A2EAE5003BDF17 /* PBXTargetDependency */ = {
			isa = PBXTargetDependency;
			target = 01F34C9028A2EAE3003BDF17 /* DittoToolsApp */;
			targetProxy = 01F34CAC28A2EAE5003BDF17 /* PBXContainerItemProxy */;
		};
/* End PBXTargetDependency section */

/* Begin XCBuildConfiguration section */
		01F34CB328A2EAE5003BDF17 /* Debug */ = {
			isa = XCBuildConfiguration;
			buildSettings = {
				ALWAYS_SEARCH_USER_PATHS = NO;
				CLANG_ANALYZER_NONNULL = YES;
				CLANG_ANALYZER_NUMBER_OBJECT_CONVERSION = YES_AGGRESSIVE;
				CLANG_CXX_LANGUAGE_STANDARD = "gnu++17";
				CLANG_ENABLE_MODULES = YES;
				CLANG_ENABLE_OBJC_ARC = YES;
				CLANG_ENABLE_OBJC_WEAK = YES;
				CLANG_WARN_BLOCK_CAPTURE_AUTORELEASING = YES;
				CLANG_WARN_BOOL_CONVERSION = YES;
				CLANG_WARN_COMMA = YES;
				CLANG_WARN_CONSTANT_CONVERSION = YES;
				CLANG_WARN_DEPRECATED_OBJC_IMPLEMENTATIONS = YES;
				CLANG_WARN_DIRECT_OBJC_ISA_USAGE = YES_ERROR;
				CLANG_WARN_DOCUMENTATION_COMMENTS = YES;
				CLANG_WARN_EMPTY_BODY = YES;
				CLANG_WARN_ENUM_CONVERSION = YES;
				CLANG_WARN_INFINITE_RECURSION = YES;
				CLANG_WARN_INT_CONVERSION = YES;
				CLANG_WARN_NON_LITERAL_NULL_CONVERSION = YES;
				CLANG_WARN_OBJC_IMPLICIT_RETAIN_SELF = YES;
				CLANG_WARN_OBJC_LITERAL_CONVERSION = YES;
				CLANG_WARN_OBJC_ROOT_CLASS = YES_ERROR;
				CLANG_WARN_QUOTED_INCLUDE_IN_FRAMEWORK_HEADER = YES;
				CLANG_WARN_RANGE_LOOP_ANALYSIS = YES;
				CLANG_WARN_STRICT_PROTOTYPES = YES;
				CLANG_WARN_SUSPICIOUS_MOVE = YES;
				CLANG_WARN_UNGUARDED_AVAILABILITY = YES_AGGRESSIVE;
				CLANG_WARN_UNREACHABLE_CODE = YES;
				CLANG_WARN__DUPLICATE_METHOD_MATCH = YES;
				COPY_PHASE_STRIP = NO;
				DEBUG_INFORMATION_FORMAT = dwarf;
				ENABLE_STRICT_OBJC_MSGSEND = YES;
				ENABLE_TESTABILITY = YES;
				GCC_C_LANGUAGE_STANDARD = gnu11;
				GCC_DYNAMIC_NO_PIC = NO;
				GCC_NO_COMMON_BLOCKS = YES;
				GCC_OPTIMIZATION_LEVEL = 0;
				GCC_PREPROCESSOR_DEFINITIONS = (
					"DEBUG=1",
					"$(inherited)",
				);
				GCC_WARN_64_TO_32_BIT_CONVERSION = YES;
				GCC_WARN_ABOUT_RETURN_TYPE = YES_ERROR;
				GCC_WARN_UNDECLARED_SELECTOR = YES;
				GCC_WARN_UNINITIALIZED_AUTOS = YES_AGGRESSIVE;
				GCC_WARN_UNUSED_FUNCTION = YES;
				GCC_WARN_UNUSED_VARIABLE = YES;
				IPHONEOS_DEPLOYMENT_TARGET = 15.5;
				MTL_ENABLE_DEBUG_INFO = INCLUDE_SOURCE;
				MTL_FAST_MATH = YES;
				ONLY_ACTIVE_ARCH = YES;
				SDKROOT = iphoneos;
				SWIFT_ACTIVE_COMPILATION_CONDITIONS = DEBUG;
				SWIFT_OPTIMIZATION_LEVEL = "-Onone";
			};
			name = Debug;
		};
		01F34CB428A2EAE5003BDF17 /* Release */ = {
			isa = XCBuildConfiguration;
			buildSettings = {
				ALWAYS_SEARCH_USER_PATHS = NO;
				CLANG_ANALYZER_NONNULL = YES;
				CLANG_ANALYZER_NUMBER_OBJECT_CONVERSION = YES_AGGRESSIVE;
				CLANG_CXX_LANGUAGE_STANDARD = "gnu++17";
				CLANG_ENABLE_MODULES = YES;
				CLANG_ENABLE_OBJC_ARC = YES;
				CLANG_ENABLE_OBJC_WEAK = YES;
				CLANG_WARN_BLOCK_CAPTURE_AUTORELEASING = YES;
				CLANG_WARN_BOOL_CONVERSION = YES;
				CLANG_WARN_COMMA = YES;
				CLANG_WARN_CONSTANT_CONVERSION = YES;
				CLANG_WARN_DEPRECATED_OBJC_IMPLEMENTATIONS = YES;
				CLANG_WARN_DIRECT_OBJC_ISA_USAGE = YES_ERROR;
				CLANG_WARN_DOCUMENTATION_COMMENTS = YES;
				CLANG_WARN_EMPTY_BODY = YES;
				CLANG_WARN_ENUM_CONVERSION = YES;
				CLANG_WARN_INFINITE_RECURSION = YES;
				CLANG_WARN_INT_CONVERSION = YES;
				CLANG_WARN_NON_LITERAL_NULL_CONVERSION = YES;
				CLANG_WARN_OBJC_IMPLICIT_RETAIN_SELF = YES;
				CLANG_WARN_OBJC_LITERAL_CONVERSION = YES;
				CLANG_WARN_OBJC_ROOT_CLASS = YES_ERROR;
				CLANG_WARN_QUOTED_INCLUDE_IN_FRAMEWORK_HEADER = YES;
				CLANG_WARN_RANGE_LOOP_ANALYSIS = YES;
				CLANG_WARN_STRICT_PROTOTYPES = YES;
				CLANG_WARN_SUSPICIOUS_MOVE = YES;
				CLANG_WARN_UNGUARDED_AVAILABILITY = YES_AGGRESSIVE;
				CLANG_WARN_UNREACHABLE_CODE = YES;
				CLANG_WARN__DUPLICATE_METHOD_MATCH = YES;
				COPY_PHASE_STRIP = NO;
				DEBUG_INFORMATION_FORMAT = "dwarf-with-dsym";
				ENABLE_NS_ASSERTIONS = NO;
				ENABLE_STRICT_OBJC_MSGSEND = YES;
				GCC_C_LANGUAGE_STANDARD = gnu11;
				GCC_NO_COMMON_BLOCKS = YES;
				GCC_WARN_64_TO_32_BIT_CONVERSION = YES;
				GCC_WARN_ABOUT_RETURN_TYPE = YES_ERROR;
				GCC_WARN_UNDECLARED_SELECTOR = YES;
				GCC_WARN_UNINITIALIZED_AUTOS = YES_AGGRESSIVE;
				GCC_WARN_UNUSED_FUNCTION = YES;
				GCC_WARN_UNUSED_VARIABLE = YES;
				IPHONEOS_DEPLOYMENT_TARGET = 15.5;
				MTL_ENABLE_DEBUG_INFO = NO;
				MTL_FAST_MATH = YES;
				SDKROOT = iphoneos;
				SWIFT_COMPILATION_MODE = wholemodule;
				SWIFT_OPTIMIZATION_LEVEL = "-O";
				VALIDATE_PRODUCT = YES;
			};
			name = Release;
		};
		01F34CB628A2EAE5003BDF17 /* Debug */ = {
			isa = XCBuildConfiguration;
			buildSettings = {
				ASSETCATALOG_COMPILER_APPICON_NAME = AppIcon;
				ASSETCATALOG_COMPILER_GLOBAL_ACCENT_COLOR_NAME = AccentColor;
				CODE_SIGN_STYLE = Automatic;
				CURRENT_PROJECT_VERSION = 1;
				DEVELOPMENT_ASSET_PATHS = "\"DittoToolsApp/Preview Content\"";
				DEVELOPMENT_TEAM = 3T2VMFZPPQ;
				ENABLE_PREVIEWS = YES;
				GENERATE_INFOPLIST_FILE = YES;
				INFOPLIST_FILE = DittoToolsApp/Info.plist;
				INFOPLIST_KEY_LSApplicationCategoryType = "";
				INFOPLIST_KEY_NSBluetoothAlwaysUsageDescription = "Bluetooth sync";
				INFOPLIST_KEY_NSBluetoothPeripheralUsageDescription = "Uses Bluetooth to connect and sync with nearby devices\n";
				INFOPLIST_KEY_NSLocalNetworkUsageDescription = "Uses WiFi to connect and sync with nearby devices";
				INFOPLIST_KEY_UIApplicationSceneManifest_Generation = YES;
				INFOPLIST_KEY_UIApplicationSupportsIndirectInputEvents = YES;
				INFOPLIST_KEY_UILaunchScreen_Generation = YES;
				INFOPLIST_KEY_UISupportedInterfaceOrientations_iPad = "UIInterfaceOrientationPortrait UIInterfaceOrientationPortraitUpsideDown UIInterfaceOrientationLandscapeLeft UIInterfaceOrientationLandscapeRight";
				INFOPLIST_KEY_UISupportedInterfaceOrientations_iPhone = "UIInterfaceOrientationPortrait UIInterfaceOrientationLandscapeLeft UIInterfaceOrientationLandscapeRight";
				LD_RUNPATH_SEARCH_PATHS = (
					"$(inherited)",
					"@executable_path/Frameworks",
				);
				MARKETING_VERSION = 1.0;
				PRODUCT_BUNDLE_IDENTIFIER = dittolive.DittoToolsApp;
				PRODUCT_NAME = "$(TARGET_NAME)";
				SWIFT_EMIT_LOC_STRINGS = YES;
				SWIFT_VERSION = 5.0;
				TARGETED_DEVICE_FAMILY = "1,2";
			};
			name = Debug;
		};
		01F34CB728A2EAE5003BDF17 /* Release */ = {
			isa = XCBuildConfiguration;
			buildSettings = {
				ASSETCATALOG_COMPILER_APPICON_NAME = AppIcon;
				ASSETCATALOG_COMPILER_GLOBAL_ACCENT_COLOR_NAME = AccentColor;
				CODE_SIGN_STYLE = Automatic;
				CURRENT_PROJECT_VERSION = 1;
				DEVELOPMENT_ASSET_PATHS = "\"DittoToolsApp/Preview Content\"";
				DEVELOPMENT_TEAM = 3T2VMFZPPQ;
				ENABLE_PREVIEWS = YES;
				GENERATE_INFOPLIST_FILE = YES;
				INFOPLIST_FILE = DittoToolsApp/Info.plist;
				INFOPLIST_KEY_LSApplicationCategoryType = "";
				INFOPLIST_KEY_NSBluetoothAlwaysUsageDescription = "Bluetooth sync";
				INFOPLIST_KEY_NSBluetoothPeripheralUsageDescription = "Uses Bluetooth to connect and sync with nearby devices\n";
				INFOPLIST_KEY_NSLocalNetworkUsageDescription = "Uses WiFi to connect and sync with nearby devices";
				INFOPLIST_KEY_UIApplicationSceneManifest_Generation = YES;
				INFOPLIST_KEY_UIApplicationSupportsIndirectInputEvents = YES;
				INFOPLIST_KEY_UILaunchScreen_Generation = YES;
				INFOPLIST_KEY_UISupportedInterfaceOrientations_iPad = "UIInterfaceOrientationPortrait UIInterfaceOrientationPortraitUpsideDown UIInterfaceOrientationLandscapeLeft UIInterfaceOrientationLandscapeRight";
				INFOPLIST_KEY_UISupportedInterfaceOrientations_iPhone = "UIInterfaceOrientationPortrait UIInterfaceOrientationLandscapeLeft UIInterfaceOrientationLandscapeRight";
				LD_RUNPATH_SEARCH_PATHS = (
					"$(inherited)",
					"@executable_path/Frameworks",
				);
				MARKETING_VERSION = 1.0;
				PRODUCT_BUNDLE_IDENTIFIER = dittolive.DittoToolsApp;
				PRODUCT_NAME = "$(TARGET_NAME)";
				SWIFT_EMIT_LOC_STRINGS = YES;
				SWIFT_VERSION = 5.0;
				TARGETED_DEVICE_FAMILY = "1,2";
			};
			name = Release;
		};
		01F34CB928A2EAE5003BDF17 /* Debug */ = {
			isa = XCBuildConfiguration;
			buildSettings = {
				ALWAYS_EMBED_SWIFT_STANDARD_LIBRARIES = YES;
				BUNDLE_LOADER = "$(TEST_HOST)";
				CODE_SIGN_STYLE = Automatic;
				CURRENT_PROJECT_VERSION = 1;
				DEVELOPMENT_TEAM = 3T2VMFZPPQ;
				GENERATE_INFOPLIST_FILE = YES;
				IPHONEOS_DEPLOYMENT_TARGET = 15.5;
				MARKETING_VERSION = 1.0;
				PRODUCT_BUNDLE_IDENTIFIER = dittolive.debugTests;
				PRODUCT_NAME = "$(TARGET_NAME)";
				SWIFT_EMIT_LOC_STRINGS = NO;
				SWIFT_VERSION = 5.0;
				TARGETED_DEVICE_FAMILY = "1,2";
				TEST_HOST = "$(BUILT_PRODUCTS_DIR)/DittoToolsApp.app/DittoToolsApp";
			};
			name = Debug;
		};
		01F34CBA28A2EAE5003BDF17 /* Release */ = {
			isa = XCBuildConfiguration;
			buildSettings = {
				ALWAYS_EMBED_SWIFT_STANDARD_LIBRARIES = YES;
				BUNDLE_LOADER = "$(TEST_HOST)";
				CODE_SIGN_STYLE = Automatic;
				CURRENT_PROJECT_VERSION = 1;
				DEVELOPMENT_TEAM = 3T2VMFZPPQ;
				GENERATE_INFOPLIST_FILE = YES;
				IPHONEOS_DEPLOYMENT_TARGET = 15.5;
				MARKETING_VERSION = 1.0;
				PRODUCT_BUNDLE_IDENTIFIER = dittolive.debugTests;
				PRODUCT_NAME = "$(TARGET_NAME)";
				SWIFT_EMIT_LOC_STRINGS = NO;
				SWIFT_VERSION = 5.0;
				TARGETED_DEVICE_FAMILY = "1,2";
				TEST_HOST = "$(BUILT_PRODUCTS_DIR)/DittoToolsApp.app/DittoToolsApp";
			};
			name = Release;
		};
		01F34CBC28A2EAE5003BDF17 /* Debug */ = {
			isa = XCBuildConfiguration;
			buildSettings = {
				ALWAYS_EMBED_SWIFT_STANDARD_LIBRARIES = YES;
				CODE_SIGN_STYLE = Automatic;
				CURRENT_PROJECT_VERSION = 1;
				DEVELOPMENT_TEAM = 3T2VMFZPPQ;
				GENERATE_INFOPLIST_FILE = YES;
				MARKETING_VERSION = 1.0;
				PRODUCT_BUNDLE_IDENTIFIER = dittolive.debugUITests;
				PRODUCT_NAME = "$(TARGET_NAME)";
				SWIFT_EMIT_LOC_STRINGS = NO;
				SWIFT_VERSION = 5.0;
				TARGETED_DEVICE_FAMILY = "1,2";
				TEST_TARGET_NAME = debug;
			};
			name = Debug;
		};
		01F34CBD28A2EAE5003BDF17 /* Release */ = {
			isa = XCBuildConfiguration;
			buildSettings = {
				ALWAYS_EMBED_SWIFT_STANDARD_LIBRARIES = YES;
				CODE_SIGN_STYLE = Automatic;
				CURRENT_PROJECT_VERSION = 1;
				DEVELOPMENT_TEAM = 3T2VMFZPPQ;
				GENERATE_INFOPLIST_FILE = YES;
				MARKETING_VERSION = 1.0;
				PRODUCT_BUNDLE_IDENTIFIER = dittolive.debugUITests;
				PRODUCT_NAME = "$(TARGET_NAME)";
				SWIFT_EMIT_LOC_STRINGS = NO;
				SWIFT_VERSION = 5.0;
				TARGETED_DEVICE_FAMILY = "1,2";
				TEST_TARGET_NAME = debug;
			};
			name = Release;
		};
/* End XCBuildConfiguration section */

/* Begin XCConfigurationList section */
		01F34C8C28A2EAE3003BDF17 /* Build configuration list for PBXProject "DittoToolsApp" */ = {
			isa = XCConfigurationList;
			buildConfigurations = (
				01F34CB328A2EAE5003BDF17 /* Debug */,
				01F34CB428A2EAE5003BDF17 /* Release */,
			);
			defaultConfigurationIsVisible = 0;
			defaultConfigurationName = Release;
		};
		01F34CB528A2EAE5003BDF17 /* Build configuration list for PBXNativeTarget "DittoToolsApp" */ = {
			isa = XCConfigurationList;
			buildConfigurations = (
				01F34CB628A2EAE5003BDF17 /* Debug */,
				01F34CB728A2EAE5003BDF17 /* Release */,
			);
			defaultConfigurationIsVisible = 0;
			defaultConfigurationName = Release;
		};
		01F34CB828A2EAE5003BDF17 /* Build configuration list for PBXNativeTarget "DittoToolsAppTests" */ = {
			isa = XCConfigurationList;
			buildConfigurations = (
				01F34CB928A2EAE5003BDF17 /* Debug */,
				01F34CBA28A2EAE5003BDF17 /* Release */,
			);
			defaultConfigurationIsVisible = 0;
			defaultConfigurationName = Release;
		};
		01F34CBB28A2EAE5003BDF17 /* Build configuration list for PBXNativeTarget "DittoToolsAppUITests" */ = {
			isa = XCConfigurationList;
			buildConfigurations = (
				01F34CBC28A2EAE5003BDF17 /* Debug */,
				01F34CBD28A2EAE5003BDF17 /* Release */,
			);
			defaultConfigurationIsVisible = 0;
			defaultConfigurationName = Release;
		};
/* End XCConfigurationList section */

/* Begin XCRemoteSwiftPackageReference section */
		01F34CBE28A2EBD4003BDF17 /* XCRemoteSwiftPackageReference "DittoSwiftPackage" */ = {
			isa = XCRemoteSwiftPackageReference;
			repositoryURL = "https://github.com/getditto/DittoSwiftPackage";
			requirement = {
				kind = upToNextMajorVersion;
				minimumVersion = 2.0.0;
			};
		};
		0ED14DA72910627D0038ADF8 /* XCRemoteSwiftPackageReference "DittoSwiftTools" */ = {
			isa = XCRemoteSwiftPackageReference;
			repositoryURL = "https://github.com/getditto/DittoSwiftTools";
			requirement = {
				branch = we/toolsPackage;
				kind = branch;
			};
		};
/* End XCRemoteSwiftPackageReference section */

/* Begin XCSwiftPackageProductDependency section */
		01F34CBF28A2EBD4003BDF17 /* DittoObjC */ = {
			isa = XCSwiftPackageProductDependency;
			package = 01F34CBE28A2EBD4003BDF17 /* XCRemoteSwiftPackageReference "DittoSwiftPackage" */;
			productName = DittoObjC;
		};
		01F34CC128A2EBD4003BDF17 /* DittoSwift */ = {
			isa = XCSwiftPackageProductDependency;
			package = 01F34CBE28A2EBD4003BDF17 /* XCRemoteSwiftPackageReference "DittoSwiftPackage" */;
			productName = DittoSwift;
		};
		0ED14DA82910627D0038ADF8 /* DittoPresenceViewer */ = {
			isa = XCSwiftPackageProductDependency;
			package = 0ED14DA72910627D0038ADF8 /* XCRemoteSwiftPackageReference "DittoSwiftTools" */;
			productName = DittoPresenceViewer;
		};
/* End XCSwiftPackageProductDependency section */
	};
	rootObject = 01F34C8928A2EAE3003BDF17 /* Project object */;
}
